// !$*UTF8*$!
{
	archiveVersion = 1;
	classes = {
	};
	objectVersion = 55;
	objects = {

/* Begin PBXBuildFile section */
		5AF5A99B2887A80700AEA509 /* AppDelegate.swift in Sources */ = {isa = PBXBuildFile; fileRef = 5AF5A99A2887A80700AEA509 /* AppDelegate.swift */; };
		5AF5A99D2887A80700AEA509 /* SceneDelegate.swift in Sources */ = {isa = PBXBuildFile; fileRef = 5AF5A99C2887A80700AEA509 /* SceneDelegate.swift */; };
		5AF5A9A22887A80700AEA509 /* Main.storyboard in Resources */ = {isa = PBXBuildFile; fileRef = 5AF5A9A02887A80700AEA509 /* Main.storyboard */; };
		5AF5A9A42887A80C00AEA509 /* Assets.xcassets in Resources */ = {isa = PBXBuildFile; fileRef = 5AF5A9A32887A80C00AEA509 /* Assets.xcassets */; };
		5AF5A9A72887A80C00AEA509 /* LaunchScreen.storyboard in Resources */ = {isa = PBXBuildFile; fileRef = 5AF5A9A52887A80C00AEA509 /* LaunchScreen.storyboard */; };
		5AF5A9B22887A8C800AEA509 /* HomeViewController.swift in Sources */ = {isa = PBXBuildFile; fileRef = 5AF5A9B02887A8C800AEA509 /* HomeViewController.swift */; };
		5AF5A9B32887A8C800AEA509 /* HomeViewController.xib in Resources */ = {isa = PBXBuildFile; fileRef = 5AF5A9B12887A8C800AEA509 /* HomeViewController.xib */; };
		5AF5A9B62887A91F00AEA509 /* SignInViewController.swift in Sources */ = {isa = PBXBuildFile; fileRef = 5AF5A9B42887A91F00AEA509 /* SignInViewController.swift */; };
		5AF5A9B72887A91F00AEA509 /* SignInViewController.xib in Resources */ = {isa = PBXBuildFile; fileRef = 5AF5A9B52887A91F00AEA509 /* SignInViewController.xib */; };
		5AF5A9BA2887A93900AEA509 /* SignUpViewController.swift in Sources */ = {isa = PBXBuildFile; fileRef = 5AF5A9B82887A93900AEA509 /* SignUpViewController.swift */; };
		5AF5A9BB2887A93900AEA509 /* SignUpViewController.xib in Resources */ = {isa = PBXBuildFile; fileRef = 5AF5A9B92887A93900AEA509 /* SignUpViewController.xib */; };
		5AF5A9BD2887FF6800AEA509 /* BaseViewController.swift in Sources */ = {isa = PBXBuildFile; fileRef = 5AF5A9BC2887FF6800AEA509 /* BaseViewController.swift */; };
		5AF5A9C02889964400AEA509 /* Post.swift in Sources */ = {isa = PBXBuildFile; fileRef = 5AF5A9BF2889964400AEA509 /* Post.swift */; };
		5AF5A9C4288999FA00AEA509 /* PostTableViewCell.swift in Sources */ = {isa = PBXBuildFile; fileRef = 5AF5A9C2288999FA00AEA509 /* PostTableViewCell.swift */; };
		5AF5A9C5288999FA00AEA509 /* PostTableViewCell.xib in Resources */ = {isa = PBXBuildFile; fileRef = 5AF5A9C3288999FA00AEA509 /* PostTableViewCell.xib */; };
/* End PBXBuildFile section */

/* Begin PBXFileReference section */
		5AF5A9972887A80700AEA509 /* Instagramm.app */ = {isa = PBXFileReference; explicitFileType = wrapper.application; includeInIndex = 0; path = Instagramm.app; sourceTree = BUILT_PRODUCTS_DIR; };
		5AF5A99A2887A80700AEA509 /* AppDelegate.swift */ = {isa = PBXFileReference; lastKnownFileType = sourcecode.swift; path = AppDelegate.swift; sourceTree = "<group>"; };
		5AF5A99C2887A80700AEA509 /* SceneDelegate.swift */ = {isa = PBXFileReference; lastKnownFileType = sourcecode.swift; path = SceneDelegate.swift; sourceTree = "<group>"; };
		5AF5A9A12887A80700AEA509 /* Base */ = {isa = PBXFileReference; lastKnownFileType = file.storyboard; name = Base; path = Base.lproj/Main.storyboard; sourceTree = "<group>"; };
		5AF5A9A32887A80C00AEA509 /* Assets.xcassets */ = {isa = PBXFileReference; lastKnownFileType = folder.assetcatalog; path = Assets.xcassets; sourceTree = "<group>"; };
		5AF5A9A62887A80C00AEA509 /* Base */ = {isa = PBXFileReference; lastKnownFileType = file.storyboard; name = Base; path = Base.lproj/LaunchScreen.storyboard; sourceTree = "<group>"; };
		5AF5A9A82887A80C00AEA509 /* Info.plist */ = {isa = PBXFileReference; lastKnownFileType = text.plist.xml; path = Info.plist; sourceTree = "<group>"; };
		5AF5A9B02887A8C800AEA509 /* HomeViewController.swift */ = {isa = PBXFileReference; lastKnownFileType = sourcecode.swift; path = HomeViewController.swift; sourceTree = "<group>"; };
		5AF5A9B12887A8C800AEA509 /* HomeViewController.xib */ = {isa = PBXFileReference; lastKnownFileType = file.xib; path = HomeViewController.xib; sourceTree = "<group>"; };
		5AF5A9B42887A91F00AEA509 /* SignInViewController.swift */ = {isa = PBXFileReference; lastKnownFileType = sourcecode.swift; path = SignInViewController.swift; sourceTree = "<group>"; };
		5AF5A9B52887A91F00AEA509 /* SignInViewController.xib */ = {isa = PBXFileReference; lastKnownFileType = file.xib; path = SignInViewController.xib; sourceTree = "<group>"; };
		5AF5A9B82887A93900AEA509 /* SignUpViewController.swift */ = {isa = PBXFileReference; lastKnownFileType = sourcecode.swift; path = SignUpViewController.swift; sourceTree = "<group>"; };
		5AF5A9B92887A93900AEA509 /* SignUpViewController.xib */ = {isa = PBXFileReference; lastKnownFileType = file.xib; path = SignUpViewController.xib; sourceTree = "<group>"; };
		5AF5A9BC2887FF6800AEA509 /* BaseViewController.swift */ = {isa = PBXFileReference; lastKnownFileType = sourcecode.swift; path = BaseViewController.swift; sourceTree = "<group>"; };
		5AF5A9BF2889964400AEA509 /* Post.swift */ = {isa = PBXFileReference; lastKnownFileType = sourcecode.swift; path = Post.swift; sourceTree = "<group>"; };
		5AF5A9C2288999FA00AEA509 /* PostTableViewCell.swift */ = {isa = PBXFileReference; lastKnownFileType = sourcecode.swift; path = PostTableViewCell.swift; sourceTree = "<group>"; };
		5AF5A9C3288999FA00AEA509 /* PostTableViewCell.xib */ = {isa = PBXFileReference; lastKnownFileType = file.xib; path = PostTableViewCell.xib; sourceTree = "<group>"; };
/* End PBXFileReference section */

/* Begin PBXFrameworksBuildPhase section */
		5AF5A9942887A80700AEA509 /* Frameworks */ = {
			isa = PBXFrameworksBuildPhase;
			buildActionMask = 2147483647;
			files = (
			);
			runOnlyForDeploymentPostprocessing = 0;
		};
/* End PBXFrameworksBuildPhase section */

/* Begin PBXGroup section */
		5AF5A98E2887A80700AEA509 = {
			isa = PBXGroup;
			children = (
				5AF5A9992887A80700AEA509 /* Instagramm */,
				5AF5A9982887A80700AEA509 /* Products */,
			);
			sourceTree = "<group>";
		};
		5AF5A9982887A80700AEA509 /* Products */ = {
			isa = PBXGroup;
			children = (
				5AF5A9972887A80700AEA509 /* Instagramm.app */,
			);
			name = Products;
			sourceTree = "<group>";
		};
		5AF5A9992887A80700AEA509 /* Instagramm */ = {
			isa = PBXGroup;
			children = (
				5AF5A9C1288999E100AEA509 /* Call */,
				5AF5A9BE2889960D00AEA509 /* model */,
				5AF5A9AF2887A85C00AEA509 /* apputlis */,
				5AF5A9AE2887A85000AEA509 /* controller */,
				5AF5A99A2887A80700AEA509 /* AppDelegate.swift */,
				5AF5A99C2887A80700AEA509 /* SceneDelegate.swift */,
				5AF5A9A82887A80C00AEA509 /* Info.plist */,
			);
			path = Instagramm;
			sourceTree = "<group>";
		};
		5AF5A9AE2887A85000AEA509 /* controller */ = {
			isa = PBXGroup;
			children = (
				5AF5A9BC2887FF6800AEA509 /* BaseViewController.swift */,
				5AF5A9B02887A8C800AEA509 /* HomeViewController.swift */,
				5AF5A9B12887A8C800AEA509 /* HomeViewController.xib */,
				5AF5A9B42887A91F00AEA509 /* SignInViewController.swift */,
				5AF5A9B52887A91F00AEA509 /* SignInViewController.xib */,
				5AF5A9B82887A93900AEA509 /* SignUpViewController.swift */,
				5AF5A9B92887A93900AEA509 /* SignUpViewController.xib */,
			);
			path = controller;
			sourceTree = "<group>";
		};
		5AF5A9AF2887A85C00AEA509 /* apputlis */ = {
			isa = PBXGroup;
			children = (
				5AF5A9A02887A80700AEA509 /* Main.storyboard */,
				5AF5A9A52887A80C00AEA509 /* LaunchScreen.storyboard */,
				5AF5A9A32887A80C00AEA509 /* Assets.xcassets */,
			);
			path = apputlis;
			sourceTree = "<group>";
		};
		5AF5A9BE2889960D00AEA509 /* model */ = {
			isa = PBXGroup;
			children = (
				5AF5A9BF2889964400AEA509 /* Post.swift */,
			);
			path = model;
			sourceTree = "<group>";
		};
		5AF5A9C1288999E100AEA509 /* Call */ = {
			isa = PBXGroup;
			children = (
				5AF5A9C2288999FA00AEA509 /* PostTableViewCell.swift */,
				5AF5A9C3288999FA00AEA509 /* PostTableViewCell.xib */,
			);
			path = Call;
			sourceTree = "<group>";
		};
/* End PBXGroup section */

/* Begin PBXNativeTarget section */
		5AF5A9962887A80700AEA509 /* Instagramm */ = {
			isa = PBXNativeTarget;
			buildConfigurationList = 5AF5A9AB2887A80C00AEA509 /* Build configuration list for PBXNativeTarget "Instagramm" */;
			buildPhases = (
				5AF5A9932887A80700AEA509 /* Sources */,
				5AF5A9942887A80700AEA509 /* Frameworks */,
				5AF5A9952887A80700AEA509 /* Resources */,
			);
			buildRules = (
			);
			dependencies = (
			);
			name = Instagramm;
			productName = Instagramm;
			productReference = 5AF5A9972887A80700AEA509 /* Instagramm.app */;
			productType = "com.apple.product-type.application";
		};
/* End PBXNativeTarget section */

/* Begin PBXProject section */
		5AF5A98F2887A80700AEA509 /* Project object */ = {
			isa = PBXProject;
			attributes = {
				BuildIndependentTargetsInParallel = 1;
				LastSwiftUpdateCheck = 1340;
				LastUpgradeCheck = 1340;
				TargetAttributes = {
					5AF5A9962887A80700AEA509 = {
						CreatedOnToolsVersion = 13.4.1;
					};
				};
			};
			buildConfigurationList = 5AF5A9922887A80700AEA509 /* Build configuration list for PBXProject "Instagramm" */;
			compatibilityVersion = "Xcode 13.0";
			developmentRegion = en;
			hasScannedForEncodings = 0;
			knownRegions = (
				en,
				Base,
			);
			mainGroup = 5AF5A98E2887A80700AEA509;
			productRefGroup = 5AF5A9982887A80700AEA509 /* Products */;
			projectDirPath = "";
			projectRoot = "";
			targets = (
				5AF5A9962887A80700AEA509 /* Instagramm */,
			);
		};
/* End PBXProject section */

/* Begin PBXResourcesBuildPhase section */
		5AF5A9952887A80700AEA509 /* Resources */ = {
			isa = PBXResourcesBuildPhase;
			buildActionMask = 2147483647;
			files = (
				5AF5A9B72887A91F00AEA509 /* SignInViewController.xib in Resources */,
				5AF5A9A72887A80C00AEA509 /* LaunchScreen.storyboard in Resources */,
				5AF5A9A42887A80C00AEA509 /* Assets.xcassets in Resources */,
				5AF5A9A22887A80700AEA509 /* Main.storyboard in Resources */,
				5AF5A9C5288999FA00AEA509 /* PostTableViewCell.xib in Resources */,
				5AF5A9BB2887A93900AEA509 /* SignUpViewController.xib in Resources */,
				5AF5A9B32887A8C800AEA509 /* HomeViewController.xib in Resources */,
			);
			runOnlyForDeploymentPostprocessing = 0;
		};
/* End PBXResourcesBuildPhase section */

/* Begin PBXSourcesBuildPhase section */
		5AF5A9932887A80700AEA509 /* Sources */ = {
			isa = PBXSourcesBuildPhase;
			buildActionMask = 2147483647;
			files = (
				5AF5A9B62887A91F00AEA509 /* SignInViewController.swift in Sources */,
				5AF5A99B2887A80700AEA509 /* AppDelegate.swift in Sources */,
				5AF5A99D2887A80700AEA509 /* SceneDelegate.swift in Sources */,
				5AF5A9C4288999FA00AEA509 /* PostTableViewCell.swift in Sources */,
				5AF5A9B22887A8C800AEA509 /* HomeViewController.swift in Sources */,
				5AF5A9BA2887A93900AEA509 /* SignUpViewController.swift in Sources */,
				5AF5A9C02889964400AEA509 /* Post.swift in Sources */,
				5AF5A9BD2887FF6800AEA509 /* BaseViewController.swift in Sources */,
			);
			runOnlyForDeploymentPostprocessing = 0;
		};
/* End PBXSourcesBuildPhase section */

/* Begin PBXVariantGroup section */
		5AF5A9A02887A80700AEA509 /* Main.storyboard */ = {
			isa = PBXVariantGroup;
			children = (
				5AF5A9A12887A80700AEA509 /* Base */,
			);
			name = Main.storyboard;
			sourceTree = "<group>";
		};
		5AF5A9A52887A80C00AEA509 /* LaunchScreen.storyboard */ = {
			isa = PBXVariantGroup;
			children = (
				5AF5A9A62887A80C00AEA509 /* Base */,
			);
			name = LaunchScreen.storyboard;
			sourceTree = "<group>";
		};
/* End PBXVariantGroup section */

/* Begin XCBuildConfiguration section */
		5AF5A9A92887A80C00AEA509 /* Debug */ = {
			isa = XCBuildConfiguration;
			buildSettings = {
				ALWAYS_SEARCH_USER_PATHS = NO;
				CLANG_ANALYZER_NONNULL = YES;
				CLANG_ANALYZER_NUMBER_OBJECT_CONVERSION = YES_AGGRESSIVE;
				CLANG_CXX_LANGUAGE_STANDARD = "gnu++17";
				CLANG_ENABLE_MODULES = YES;
				CLANG_ENABLE_OBJC_ARC = YES;
				CLANG_ENABLE_OBJC_WEAK = YES;
				CLANG_WARN_BLOCK_CAPTURE_AUTORELEASING = YES;
				CLANG_WARN_BOOL_CONVERSION = YES;
				CLANG_WARN_COMMA = YES;
				CLANG_WARN_CONSTANT_CONVERSION = YES;
				CLANG_WARN_DEPRECATED_OBJC_IMPLEMENTATIONS = YES;
				CLANG_WARN_DIRECT_OBJC_ISA_USAGE = YES_ERROR;
				CLANG_WARN_DOCUMENTATION_COMMENTS = YES;
				CLANG_WARN_EMPTY_BODY = YES;
				CLANG_WARN_ENUM_CONVERSION = YES;
				CLANG_WARN_INFINITE_RECURSION = YES;
				CLANG_WARN_INT_CONVERSION = YES;
				CLANG_WARN_NON_LITERAL_NULL_CONVERSION = YES;
				CLANG_WARN_OBJC_IMPLICIT_RETAIN_SELF = YES;
				CLANG_WARN_OBJC_LITERAL_CONVERSION = YES;
				CLANG_WARN_OBJC_ROOT_CLASS = YES_ERROR;
				CLANG_WARN_QUOTED_INCLUDE_IN_FRAMEWORK_HEADER = YES;
				CLANG_WARN_RANGE_LOOP_ANALYSIS = YES;
				CLANG_WARN_STRICT_PROTOTYPES = YES;
				CLANG_WARN_SUSPICIOUS_MOVE = YES;
				CLANG_WARN_UNGUARDED_AVAILABILITY = YES_AGGRESSIVE;
				CLANG_WARN_UNREACHABLE_CODE = YES;
				CLANG_WARN__DUPLICATE_METHOD_MATCH = YES;
				COPY_PHASE_STRIP = NO;
				DEBUG_INFORMATION_FORMAT = dwarf;
				ENABLE_STRICT_OBJC_MSGSEND = YES;
				ENABLE_TESTABILITY = YES;
				GCC_C_LANGUAGE_STANDARD = gnu11;
				GCC_DYNAMIC_NO_PIC = NO;
				GCC_NO_COMMON_BLOCKS = YES;
				GCC_OPTIMIZATION_LEVEL = 0;
				GCC_PREPROCESSOR_DEFINITIONS = (
					"DEBUG=1",
					"$(inherited)",
				);
				GCC_WARN_64_TO_32_BIT_CONVERSION = YES;
				GCC_WARN_ABOUT_RETURN_TYPE = YES_ERROR;
				GCC_WARN_UNDECLARED_SELECTOR = YES;
				GCC_WARN_UNINITIALIZED_AUTOS = YES_AGGRESSIVE;
				GCC_WARN_UNUSED_FUNCTION = YES;
				GCC_WARN_UNUSED_VARIABLE = YES;
				IPHONEOS_DEPLOYMENT_TARGET = 15.5;
				MTL_ENABLE_DEBUG_INFO = INCLUDE_SOURCE;
				MTL_FAST_MATH = YES;
				ONLY_ACTIVE_ARCH = YES;
				SDKROOT = iphoneos;
				SWIFT_ACTIVE_COMPILATION_CONDITIONS = DEBUG;
				SWIFT_OPTIMIZATION_LEVEL = "-Onone";
			};
			name = Debug;
		};
		5AF5A9AA2887A80C00AEA509 /* Release */ = {
			isa = XCBuildConfiguration;
			buildSettings = {
				ALWAYS_SEARCH_USER_PATHS = NO;
				CLANG_ANALYZER_NONNULL = YES;
				CLANG_ANALYZER_NUMBER_OBJECT_CONVERSION = YES_AGGRESSIVE;
				CLANG_CXX_LANGUAGE_STANDARD = "gnu++17";
				CLANG_ENABLE_MODULES = YES;
				CLANG_ENABLE_OBJC_ARC = YES;
				CLANG_ENABLE_OBJC_WEAK = YES;
				CLANG_WARN_BLOCK_CAPTURE_AUTORELEASING = YES;
				CLANG_WARN_BOOL_CONVERSION = YES;
				CLANG_WARN_COMMA = YES;
				CLANG_WARN_CONSTANT_CONVERSION = YES;
				CLANG_WARN_DEPRECATED_OBJC_IMPLEMENTATIONS = YES;
				CLANG_WARN_DIRECT_OBJC_ISA_USAGE = YES_ERROR;
				CLANG_WARN_DOCUMENTATION_COMMENTS = YES;
				CLANG_WARN_EMPTY_BODY = YES;
				CLANG_WARN_ENUM_CONVERSION = YES;
				CLANG_WARN_INFINITE_RECURSION = YES;
				CLANG_WARN_INT_CONVERSION = YES;
				CLANG_WARN_NON_LITERAL_NULL_CONVERSION = YES;
				CLANG_WARN_OBJC_IMPLICIT_RETAIN_SELF = YES;
				CLANG_WARN_OBJC_LITERAL_CONVERSION = YES;
				CLANG_WARN_OBJC_ROOT_CLASS = YES_ERROR;
				CLANG_WARN_QUOTED_INCLUDE_IN_FRAMEWORK_HEADER = YES;
				CLANG_WARN_RANGE_LOOP_ANALYSIS = YES;
				CLANG_WARN_STRICT_PROTOTYPES = YES;
				CLANG_WARN_SUSPICIOUS_MOVE = YES;
				CLANG_WARN_UNGUARDED_AVAILABILITY = YES_AGGRESSIVE;
				CLANG_WARN_UNREACHABLE_CODE = YES;
				CLANG_WARN__DUPLICATE_METHOD_MATCH = YES;
				COPY_PHASE_STRIP = NO;
				DEBUG_INFORMATION_FORMAT = "dwarf-with-dsym";
				ENABLE_NS_ASSERTIONS = NO;
				ENABLE_STRICT_OBJC_MSGSEND = YES;
				GCC_C_LANGUAGE_STANDARD = gnu11;
				GCC_NO_COMMON_BLOCKS = YES;
				GCC_WARN_64_TO_32_BIT_CONVERSION = YES;
				GCC_WARN_ABOUT_RETURN_TYPE = YES_ERROR;
				GCC_WARN_UNDECLARED_SELECTOR = YES;
				GCC_WARN_UNINITIALIZED_AUTOS = YES_AGGRESSIVE;
				GCC_WARN_UNUSED_FUNCTION = YES;
				GCC_WARN_UNUSED_VARIABLE = YES;
				IPHONEOS_DEPLOYMENT_TARGET = 15.5;
				MTL_ENABLE_DEBUG_INFO = NO;
				MTL_FAST_MATH = YES;
				SDKROOT = iphoneos;
				SWIFT_COMPILATION_MODE = wholemodule;
				SWIFT_OPTIMIZATION_LEVEL = "-O";
				VALIDATE_PRODUCT = YES;
			};
			name = Release;
		};
		5AF5A9AC2887A80C00AEA509 /* Debug */ = {
			isa = XCBuildConfiguration;
			buildSettings = {
				ASSETCATALOG_COMPILER_APPICON_NAME = AppIcon;
				ASSETCATALOG_COMPILER_GLOBAL_ACCENT_COLOR_NAME = AccentColor;
				CODE_SIGN_STYLE = Automatic;
				CURRENT_PROJECT_VERSION = 1;
				GENERATE_INFOPLIST_FILE = YES;
				INFOPLIST_FILE = Instagramm/Info.plist;
				INFOPLIST_KEY_UIApplicationSupportsIndirectInputEvents = YES;
				INFOPLIST_KEY_UILaunchStoryboardName = LaunchScreen;
				INFOPLIST_KEY_UIMainStoryboardFile = Main;
				INFOPLIST_KEY_UISupportedInterfaceOrientations_iPad = "UIInterfaceOrientationPortrait UIInterfaceOrientationPortraitUpsideDown UIInterfaceOrientationLandscapeLeft UIInterfaceOrientationLandscapeRight";
				INFOPLIST_KEY_UISupportedInterfaceOrientations_iPhone = "UIInterfaceOrientationPortrait UIInterfaceOrientationLandscapeLeft UIInterfaceOrientationLandscapeRight";
				LD_RUNPATH_SEARCH_PATHS = (
					"$(inherited)",
					"@executable_path/Frameworks",
				);
				MARKETING_VERSION = 1.0;
				PRODUCT_BUNDLE_IDENTIFIER = Mysolt.Instagramm;
				PRODUCT_NAME = "$(TARGET_NAME)";
				SWIFT_EMIT_LOC_STRINGS = YES;
				SWIFT_VERSION = 5.0;
				TARGETED_DEVICE_FAMILY = "1,2";
			};
			name = Debug;
		};
		5AF5A9AD2887A80C00AEA509 /* Release */ = {
			isa = XCBuildConfiguration;
			buildSettings = {
				ASSETCATALOG_COMPILER_APPICON_NAME = AppIcon;
				ASSETCATALOG_COMPILER_GLOBAL_ACCENT_COLOR_NAME = AccentColor;
				CODE_SIGN_STYLE = Automatic;
				CURRENT_PROJECT_VERSION = 1;
				GENERATE_INFOPLIST_FILE = YES;
				INFOPLIST_FILE = Instagramm/Info.plist;
				INFOPLIST_KEY_UIApplicationSupportsIndirectInputEvents = YES;
				INFOPLIST_KEY_UILaunchStoryboardName = LaunchScreen;
				INFOPLIST_KEY_UIMainStoryboardFile = Main;
				INFOPLIST_KEY_UISupportedInterfaceOrientations_iPad = "UIInterfaceOrientationPortrait UIInterfaceOrientationPortraitUpsideDown UIInterfaceOrientationLandscapeLeft UIInterfaceOrientationLandscapeRight";
				INFOPLIST_KEY_UISupportedInterfaceOrientations_iPhone = "UIInterfaceOrientationPortrait UIInterfaceOrientationLandscapeLeft UIInterfaceOrientationLandscapeRight";
				LD_RUNPATH_SEARCH_PATHS = (
					"$(inherited)",
					"@executable_path/Frameworks",
				);
				MARKETING_VERSION = 1.0;
				PRODUCT_BUNDLE_IDENTIFIER = Mysolt.Instagramm;
				PRODUCT_NAME = "$(TARGET_NAME)";
				SWIFT_EMIT_LOC_STRINGS = YES;
				SWIFT_VERSION = 5.0;
				TARGETED_DEVICE_FAMILY = "1,2";
			};
			name = Release;
		};
/* End XCBuildConfiguration section */

/* Begin XCConfigurationList section */
		5AF5A9922887A80700AEA509 /* Build configuration list for PBXProject "Instagramm" */ = {
			isa = XCConfigurationList;
			buildConfigurations = (
				5AF5A9A92887A80C00AEA509 /* Debug */,
				5AF5A9AA2887A80C00AEA509 /* Release */,
			);
			defaultConfigurationIsVisible = 0;
			defaultConfigurationName = Release;
		};
		5AF5A9AB2887A80C00AEA509 /* Build configuration list for PBXNativeTarget "Instagramm" */ = {
			isa = XCConfigurationList;
			buildConfigurations = (
				5AF5A9AC2887A80C00AEA509 /* Debug */,
				5AF5A9AD2887A80C00AEA509 /* Release */,
			);
			defaultConfigurationIsVisible = 0;
			defaultConfigurationName = Release;
		};
/* End XCConfigurationList section */
	};
	rootObject = 5AF5A98F2887A80700AEA509 /* Project object */;
}
